{
  "name": "jckc-spa-v2-root",
  "version": "1.0.0",
  "lockfileVersion": 3,
  "requires": true,
  "packages": {
    "": {
      "name": "jckc-spa-v2-root",
      "version": "1.0.0",
      "hasInstallScript": true,
      "engines": {
        "node": "24.x",
        "npm": "11.x"
      }
    }
  }
}
